{
  "name": "ms-config",
  "version": "1.0.0",
  "lockfileVersion": 1,
  "requires": true,
  "dependencies": {
    "lib-env": {
      "version": "git+ssh://git@github.com/AkashBabu/lib-env.git#2f97fe7b76fd32ede03921a615c3a646706a730f",
      "from": "git+ssh://git@github.com/AkashBabu/lib-env.git"
    }
  }
}
